
Microsoft Visual Studio Solution File, Format Version 12.00
# Visual Studio Version 16
VisualStudioVersion = 16.0.30011.22
MinimumVisualStudioVersion = 10.0.40219.1
Project("{8BC9CEB8-8B4A-11D0-8D11-00A0C91BC942}") = "Pub-Simulator", "Pub-Simulator\midterm_exam.vcxproj", "{7A117797-A5B6-460B-9E90-674040C344C7}"
EndProject
Global
	GlobalSection(SolutionConfigurationPlatforms) = preSolution
		Debug|x64 = Debug|x64
		Debug|x86 = Debug|x86
		Release|x64 = Release|x64
		Release|x86 = Release|x86
	EndGlobalSection
	GlobalSection(ProjectConfigurationPlatforms) = postSolution
		{7A117797-A5B6-460B-9E90-674040C344C7}.Debug|x64.ActiveCfg = Debug|x64
		{7A117797-A5B6-460B-9E90-674040C344C7}.Debug|x64.Build.0 = Debug|x64
		{7A117797-A5B6-460B-9E90-674040C344C7}.Debug|x86.ActiveCfg = Debug|Win32
		{7A117797-A5B6-460B-9E90-674040C344C7}.Debug|x86.Build.0 = Debug|Win32
		{7A117797-A5B6-460B-9E90-674040C344C7}.Release|x64.ActiveCfg = Release|x64
		{7A117797-A5B6-460B-9E90-674040C344C7}.Release|x64.Build.0 = Release|x64
		{7A117797-A5B6-460B-9E90-674040C344C7}.Release|x86.ActiveCfg = Release|Win32
		{7A117797-A5B6-460B-9E90-674040C344C7}.Release|x86.Build.0 = Release|Win32
	EndGlobalSection
	GlobalSection(SolutionProperties) = preSolution
		HideSolutionNode = FALSE
	EndGlobalSection
	GlobalSection(ExtensibilityGlobals) = postSolution
		SolutionGuid = {807855BD-A300-4BD7-BB87-BDB314B48694}
	EndGlobalSection
EndGlobal
